
Microsoft Visual Studio Solution File, Format Version 12.00
# Visual Studio Version 16
VisualStudioVersion = 16.0.29519.181
MinimumVisualStudioVersion = 10.0.40219.1
Project("{FAE04EC0-301F-11D3-BF4B-00C04F79EFBC}") = "DatabaseApplication", "DatabaseApplication\DatabaseApplication.csproj", "{792067EA-97A3-42A8-90D3-9AB60C84BEB3}"
EndProject
Global
	GlobalSection(SolutionConfigurationPlatforms) = preSolution
		Debug|Any CPU = Debug|Any CPU
		Release|Any CPU = Release|Any CPU
	EndGlobalSection
	GlobalSection(ProjectConfigurationPlatforms) = postSolution
		{792067EA-97A3-42A8-90D3-9AB60C84BEB3}.Debug|Any CPU.ActiveCfg = Debug|Any CPU
		{792067EA-97A3-42A8-90D3-9AB60C84BEB3}.Debug|Any CPU.Build.0 = Debug|Any CPU
		{792067EA-97A3-42A8-90D3-9AB60C84BEB3}.Release|Any CPU.ActiveCfg = Release|Any CPU
		{792067EA-97A3-42A8-90D3-9AB60C84BEB3}.Release|Any CPU.Build.0 = Release|Any CPU
	EndGlobalSection
	GlobalSection(SolutionProperties) = preSolution
		HideSolutionNode = FALSE
	EndGlobalSection
	GlobalSection(ExtensibilityGlobals) = postSolution
		SolutionGuid = {C97C1740-2C9D-4F6F-94EA-192ADF8DEFA4}
	EndGlobalSection
EndGlobal
